
Microsoft Visual Studio Solution File, Format Version 12.00
# Visual Studio 2012
Project("{FAE04EC0-301F-11D3-BF4B-00C04F79EFBC}") = "VelaychuBE", "VelaychuBE\VelaychuBE.csproj", "{DFB36936-9785-4726-B221-5470AC4A0F2F}"
EndProject
Project("{FAE04EC0-301F-11D3-BF4B-00C04F79EFBC}") = "VelaychuBL", "VelaychuBL\VelaychuBL.csproj", "{2181573D-75E5-4997-A4DC-A6FB81CE5E95}"
EndProject
Project("{FAE04EC0-301F-11D3-BF4B-00C04F79EFBC}") = "VelaychuADO", "VelaychuADO\VelaychuADO.csproj", "{3ECA795C-B7F6-4808-AB40-AF64B6DFF21F}"
EndProject
Project("{FAE04EC0-301F-11D3-BF4B-00C04F79EFBC}") = "VelayChuVIEW", "VelayChuVIEW\VelayChuVIEW.csproj", "{90DC191C-3EC0-40CA-A65A-C68C94332F0B}"
EndProject
Global
	GlobalSection(SubversionScc) = preSolution
		Svn-Managed = True
		Manager = AnkhSVN - Subversion Support for Visual Studio
	EndGlobalSection
	GlobalSection(SolutionConfigurationPlatforms) = preSolution
		Debug|Any CPU = Debug|Any CPU
		Release|Any CPU = Release|Any CPU
	EndGlobalSection
	GlobalSection(ProjectConfigurationPlatforms) = postSolution
		{DFB36936-9785-4726-B221-5470AC4A0F2F}.Debug|Any CPU.ActiveCfg = Debug|Any CPU
		{DFB36936-9785-4726-B221-5470AC4A0F2F}.Debug|Any CPU.Build.0 = Debug|Any CPU
		{DFB36936-9785-4726-B221-5470AC4A0F2F}.Release|Any CPU.ActiveCfg = Release|Any CPU
		{DFB36936-9785-4726-B221-5470AC4A0F2F}.Release|Any CPU.Build.0 = Release|Any CPU
		{2181573D-75E5-4997-A4DC-A6FB81CE5E95}.Debug|Any CPU.ActiveCfg = Debug|Any CPU
		{2181573D-75E5-4997-A4DC-A6FB81CE5E95}.Debug|Any CPU.Build.0 = Debug|Any CPU
		{2181573D-75E5-4997-A4DC-A6FB81CE5E95}.Release|Any CPU.ActiveCfg = Release|Any CPU
		{2181573D-75E5-4997-A4DC-A6FB81CE5E95}.Release|Any CPU.Build.0 = Release|Any CPU
		{3ECA795C-B7F6-4808-AB40-AF64B6DFF21F}.Debug|Any CPU.ActiveCfg = Debug|Any CPU
		{3ECA795C-B7F6-4808-AB40-AF64B6DFF21F}.Debug|Any CPU.Build.0 = Debug|Any CPU
		{3ECA795C-B7F6-4808-AB40-AF64B6DFF21F}.Release|Any CPU.ActiveCfg = Release|Any CPU
		{3ECA795C-B7F6-4808-AB40-AF64B6DFF21F}.Release|Any CPU.Build.0 = Release|Any CPU
		{90DC191C-3EC0-40CA-A65A-C68C94332F0B}.Debug|Any CPU.ActiveCfg = Debug|Any CPU
		{90DC191C-3EC0-40CA-A65A-C68C94332F0B}.Debug|Any CPU.Build.0 = Debug|Any CPU
		{90DC191C-3EC0-40CA-A65A-C68C94332F0B}.Release|Any CPU.ActiveCfg = Release|Any CPU
		{90DC191C-3EC0-40CA-A65A-C68C94332F0B}.Release|Any CPU.Build.0 = Release|Any CPU
	EndGlobalSection
	GlobalSection(SolutionProperties) = preSolution
		HideSolutionNode = FALSE
	EndGlobalSection
EndGlobal
